
Microsoft Visual Studio Solution File, Format Version 12.00
# Visual Studio Version 17
VisualStudioVersion = 17.8.34330.188
MinimumVisualStudioVersion = 10.0.40219.1
Project("{9A19103F-16F7-4668-BE54-9A1E7A4F7556}") = "XAFFileDataDelete.Module", "XAFFileDataDelete.Module\XAFFileDataDelete.Module.csproj", "{F95D381F-30E3-4A25-8672-F752C9582F5D}"
EndProject
Project("{9A19103F-16F7-4668-BE54-9A1E7A4F7556}") = "XAFFileDataDelete.Blazor.Server", "XAFFileDataDelete.Blazor.Server\XAFFileDataDelete.Blazor.Server.csproj", "{1316B369-95CC-4A21-AFFE-FBEBBB579349}"
EndProject
Global
	GlobalSection(SolutionConfigurationPlatforms) = preSolution
		Debug|Any CPU = Debug|Any CPU
		EasyTest|Any CPU = EasyTest|Any CPU
		Release|Any CPU = Release|Any CPU
	EndGlobalSection
	GlobalSection(ProjectConfigurationPlatforms) = postSolution
		{F95D381F-30E3-4A25-8672-F752C9582F5D}.Debug|Any CPU.ActiveCfg = Debug|Any CPU
		{F95D381F-30E3-4A25-8672-F752C9582F5D}.Debug|Any CPU.Build.0 = Debug|Any CPU
		{F95D381F-30E3-4A25-8672-F752C9582F5D}.EasyTest|Any CPU.ActiveCfg = EasyTest|Any CPU
		{F95D381F-30E3-4A25-8672-F752C9582F5D}.EasyTest|Any CPU.Build.0 = EasyTest|Any CPU
		{F95D381F-30E3-4A25-8672-F752C9582F5D}.Release|Any CPU.ActiveCfg = Release|Any CPU
		{F95D381F-30E3-4A25-8672-F752C9582F5D}.Release|Any CPU.Build.0 = Release|Any CPU
		{1316B369-95CC-4A21-AFFE-FBEBBB579349}.Debug|Any CPU.ActiveCfg = Debug|Any CPU
		{1316B369-95CC-4A21-AFFE-FBEBBB579349}.Debug|Any CPU.Build.0 = Debug|Any CPU
		{1316B369-95CC-4A21-AFFE-FBEBBB579349}.EasyTest|Any CPU.ActiveCfg = EasyTest|Any CPU
		{1316B369-95CC-4A21-AFFE-FBEBBB579349}.EasyTest|Any CPU.Build.0 = EasyTest|Any CPU
		{1316B369-95CC-4A21-AFFE-FBEBBB579349}.Release|Any CPU.ActiveCfg = Release|Any CPU
		{1316B369-95CC-4A21-AFFE-FBEBBB579349}.Release|Any CPU.Build.0 = Release|Any CPU
	EndGlobalSection
	GlobalSection(SolutionProperties) = preSolution
		HideSolutionNode = FALSE
	EndGlobalSection
EndGlobal
